<?xml version="1.0" encoding="utf-8"?>
<Project ToolsVersion="4.0" xmlns="http://schemas.microsoft.com/developer/msbuild/2003">
  <ItemGroup>
    <Filter Include="ソース ファイル">
      <UniqueIdentifier>{4FC737F1-C7A5-4376-A066-2A32D752A2FF}</UniqueIdentifier>
      <Extensions>cpp;c;cc;cxx;c++;cppm;ixx;def;odl;idl;hpj;bat;asm;asmx</Extensions>
    </Filter>
    <Filter Include="ヘッダー ファイル">
      <UniqueIdentifier>{93995380-89BD-4b04-88EB-625FBE52EBFB}</UniqueIdentifier>
      <Extensions>h;hh;hpp;hxx;h++;hm;inl;inc;ipp;xsd</Extensions>
    </Filter>
    <Filter Include="リソース ファイル">
      <UniqueIdentifier>{67DA6AB6-F800-4c08-8B7A-83BB121AAD01}</UniqueIdentifier>
      <Extensions>rc;ico;cur;bmp;dlg;rc2;rct;bin;rgs;gif;jpg;jpeg;jpe;resx;tiff;tif;png;wav;mfcribbon-ms</Extensions>
    </Filter>
    <Filter Include="Renderer">
      <UniqueIdentifier>{dba48fae-8f1e-476a-9532-9c36b1b164e6}</UniqueIdentifier>
    </Filter>
    <Filter Include="Scene">
      <UniqueIdentifier>{0b2655a5-70dd-4848-8521-459ff8848214}</UniqueIdentifier>
    </Filter>
    <Filter Include="GameObject">
      <UniqueIdentifier>{d25a31d1-cfcb-44ca-8ecb-8abaec5f6629}</UniqueIdentifier>
    </Filter>
    <Filter Include="System">
      <UniqueIdentifier>{08b3be1a-ade7-4263-bc27-294901e8807e}</UniqueIdentifier>
    </Filter>
    <Filter Include="Fsm">
      <UniqueIdentifier>{5d155c1c-5a76-4ce1-a5c5-c108acf3ba33}</UniqueIdentifier>
    </Filter>
    <Filter Include="Main">
      <UniqueIdentifier>{ee35ef5a-c9eb-4570-9ba3-249fe5841795}</UniqueIdentifier>
    </Filter>
  </ItemGroup>
  <ItemGroup>
    <ClInclude Include="fade.h">
      <Filter>ヘッダー ファイル</Filter>
    </ClInclude>
    <ClInclude Include="polyline.h">
      <Filter>ヘッダー ファイル</Filter>
    </ClInclude>
    <ClInclude Include="result.h">
      <Filter>ヘッダー ファイル</Filter>
    </ClInclude>
    <ClInclude Include="score.h">
      <Filter>ヘッダー ファイル</Filter>
    </ClInclude>
    <ClInclude Include="shadow.h">
      <Filter>ヘッダー ファイル</Filter>
    </ClInclude>
    <ClInclude Include="title.h">
      <Filter>ヘッダー ファイル</Filter>
    </ClInclude>
    <ClInclude Include="Ui.h">
      <Filter>ヘッダー ファイル</Filter>
    </ClInclude>
    <ClInclude Include="Render.h">
      <Filter>Renderer</Filter>
    </ClInclude>
    <ClInclude Include="Render3D.h">
      <Filter>Renderer</Filter>
    </ClInclude>
    <ClInclude Include="DirectXAPI.h">
      <Filter>Renderer</Filter>
    </ClInclude>
    <ClInclude Include="RenderComponent.h">
      <Filter>Renderer</Filter>
    </ClInclude>
    <ClInclude Include="TitleScnne.h">
      <Filter>Scene</Filter>
    </ClInclude>
    <ClInclude Include="Scene.h">
      <Filter>Scene</Filter>
    </ClInclude>
    <ClInclude Include="ResultScene.h">
      <Filter>Scene</Filter>
    </ClInclude>
    <ClInclude Include="GameScene.h">
      <Filter>Scene</Filter>
    </ClInclude>
    <ClInclude Include="ConstantBuffer.h">
      <Filter>Renderer</Filter>
    </ClInclude>
    <ClInclude Include="AssetManager.h">
      <Filter>Renderer</Filter>
    </ClInclude>
    <ClInclude Include="World.h">
      <Filter>Scene</Filter>
    </ClInclude>
    <ClInclude Include="Wall.h">
      <Filter>GameObject</Filter>
    </ClInclude>
    <ClInclude Include="Time.h">
      <Filter>System</Filter>
    </ClInclude>
    <ClInclude Include="object.h">
      <Filter>System</Filter>
    </ClInclude>
    <ClInclude Include="camera.h">
      <Filter>GameObject</Filter>
    </ClInclude>
    <ClInclude Include="StateMachine.h">
      <Filter>Fsm</Filter>
    </ClInclude>
    <ClInclude Include="State.h">
      <Filter>Fsm</Filter>
    </ClInclude>
    <ClInclude Include="model.h">
      <Filter>System</Filter>
    </ClInclude>
    <ClInclude Include="Texture.h">
      <Filter>System</Filter>
    </ClInclude>
    <ClInclude Include="input.h">
      <Filter>System</Filter>
    </ClInclude>
    <ClInclude Include="sound.h">
      <Filter>System</Filter>
    </ClInclude>
    <ClInclude Include="Utility.h">
      <Filter>System</Filter>
    </ClInclude>
    <ClInclude Include="Home.h">
      <Filter>GameObject</Filter>
    </ClInclude>
    <ClInclude Include="NormalTower.h">
      <Filter>GameObject</Filter>
    </ClInclude>
    <ClInclude Include="player.h">
      <Filter>GameObject</Filter>
    </ClInclude>
    <ClInclude Include="game.h">
      <Filter>Scene</Filter>
    </ClInclude>
    <ClInclude Include="EnemyBullet.h">
      <Filter>GameObject</Filter>
    </ClInclude>
    <ClInclude Include="main.h">
      <Filter>Main</Filter>
    </ClInclude>
    <ClInclude Include="enemy.h">
      <Filter>GameObject</Filter>
    </ClInclude>
    <ClInclude Include="SelectPhase.h">
      <Filter>Fsm</Filter>
    </ClInclude>
    <ClInclude Include="BattlePhase.h">
      <Filter>Fsm</Filter>
    </ClInclude>
    <ClInclude Include="bullet.h">
      <Filter>GameObject</Filter>
    </ClInclude>
    <ClInclude Include="meshfield.h">
      <Filter>GameObject</Filter>
    </ClInclude>
    <ClInclude Include="meshsky.h">
      <Filter>GameObject</Filter>
    </ClInclude>
    <ClInclude Include="collision.h">
      <Filter>System</Filter>
    </ClInclude>
    <ClInclude Include="EnemySpwaner.h">
      <Filter>GameObject</Filter>
    </ClInclude>
    <ClInclude Include="Debug.h">
      <Filter>GameObject</Filter>
    </ClInclude>
    <ClInclude Include="Grid.h">
      <Filter>GameObject</Filter>
    </ClInclude>
    <ClInclude Include="EmptyObject.h">
      <Filter>GameObject</Filter>
    </ClInclude>
  </ItemGroup>
  <ItemGroup>
    <ClCompile Include="fade.cpp">
      <Filter>ソース ファイル</Filter>
    </ClCompile>
    <ClCompile Include="polyline.cpp">
      <Filter>ソース ファイル</Filter>
    </ClCompile>
    <ClCompile Include="result.cpp">
      <Filter>ソース ファイル</Filter>
    </ClCompile>
    <ClCompile Include="score.cpp">
      <Filter>ソース ファイル</Filter>
    </ClCompile>
    <ClCompile Include="shadow.cpp">
      <Filter>ソース ファイル</Filter>
    </ClCompile>
    <ClCompile Include="title.cpp">
      <Filter>ソース ファイル</Filter>
    </ClCompile>
    <ClCompile Include="Ui.cpp">
      <Filter>ソース ファイル</Filter>
    </ClCompile>
    <ClCompile Include="DirectXAPI.cpp">
      <Filter>Renderer</Filter>
    </ClCompile>
    <ClCompile Include="Render2D.cpp">
      <Filter>Renderer</Filter>
    </ClCompile>
    <ClCompile Include="Render3D.cpp">
      <Filter>Renderer</Filter>
    </ClCompile>
    <ClCompile Include="Render2D.h">
      <Filter>Renderer</Filter>
    </ClCompile>
    <ClCompile Include="GameScene.cpp">
      <Filter>Scene</Filter>
    </ClCompile>
    <ClCompile Include="ResultScene.cpp">
      <Filter>Scene</Filter>
    </ClCompile>
    <ClCompile Include="TitleScnne.cpp">
      <Filter>Scene</Filter>
    </ClCompile>
    <ClCompile Include="RenderInfo.h">
      <Filter>Renderer</Filter>
    </ClCompile>
    <ClCompile Include="Wall.cpp">
      <Filter>GameObject</Filter>
    </ClCompile>
    <ClCompile Include="camera.cpp">
      <Filter>GameObject</Filter>
    </ClCompile>
    <ClCompile Include="model.cpp">
      <Filter>System</Filter>
    </ClCompile>
    <ClCompile Include="Texture.cpp">
      <Filter>System</Filter>
    </ClCompile>
    <ClCompile Include="input.cpp">
      <Filter>System</Filter>
    </ClCompile>
    <ClCompile Include="sound.cpp">
      <Filter>System</Filter>
    </ClCompile>
    <ClCompile Include="Utility.cpp">
      <Filter>System</Filter>
    </ClCompile>
    <ClCompile Include="Home.cpp">
      <Filter>GameObject</Filter>
    </ClCompile>
    <ClCompile Include="NormalTower.cpp">
      <Filter>GameObject</Filter>
    </ClCompile>
    <ClCompile Include="player.cpp">
      <Filter>GameObject</Filter>
    </ClCompile>
    <ClCompile Include="EnemyBullet.cpp">
      <Filter>GameObject</Filter>
    </ClCompile>
    <ClCompile Include="main.cpp">
      <Filter>Main</Filter>
    </ClCompile>
    <ClCompile Include="enemy.cpp">
      <Filter>GameObject</Filter>
    </ClCompile>
    <ClCompile Include="BattlePhase.cpp">
      <Filter>Fsm</Filter>
    </ClCompile>
    <ClCompile Include="SelectPhase.cpp">
      <Filter>Fsm</Filter>
    </ClCompile>
    <ClCompile Include="bullet.cpp">
      <Filter>GameObject</Filter>
    </ClCompile>
    <ClCompile Include="RenderComponent.cpp">
      <Filter>Renderer</Filter>
    </ClCompile>
    <ClCompile Include="meshfield.cpp">
      <Filter>GameObject</Filter>
    </ClCompile>
    <ClCompile Include="meshsky.cpp">
      <Filter>GameObject</Filter>
    </ClCompile>
    <ClCompile Include="collision.cpp">
      <Filter>System</Filter>
    </ClCompile>
    <ClCompile Include="EmptyObject.cpp">
      <Filter>GameObject</Filter>
    </ClCompile>
  </ItemGroup>
</Project>